
Microsoft Visual Studio Solution File, Format Version 12.00
# Visual Studio Version 16
VisualStudioVersion = 16.0.30413.136
MinimumVisualStudioVersion = 10.0.40219.1
Project("{FAE04EC0-301F-11D3-BF4B-00C04F79EFBC}") = "BlazorGIT", "BlazorGIT\BlazorGIT.csproj", "{BED567FC-A54F-42B1-BF74-53E95EA975D6}"
EndProject
Global
	GlobalSection(SolutionConfigurationPlatforms) = preSolution
		Debug|Any CPU = Debug|Any CPU
		Release|Any CPU = Release|Any CPU
	EndGlobalSection
	GlobalSection(ProjectConfigurationPlatforms) = postSolution
		{BED567FC-A54F-42B1-BF74-53E95EA975D6}.Debug|Any CPU.ActiveCfg = Debug|Any CPU
		{BED567FC-A54F-42B1-BF74-53E95EA975D6}.Debug|Any CPU.Build.0 = Debug|Any CPU
		{BED567FC-A54F-42B1-BF74-53E95EA975D6}.Release|Any CPU.ActiveCfg = Release|Any CPU
		{BED567FC-A54F-42B1-BF74-53E95EA975D6}.Release|Any CPU.Build.0 = Release|Any CPU
	EndGlobalSection
	GlobalSection(SolutionProperties) = preSolution
		HideSolutionNode = FALSE
	EndGlobalSection
	GlobalSection(ExtensibilityGlobals) = postSolution
		SolutionGuid = {DD1EDCE8-2C56-45D7-BB08-8DF309E22D46}
	EndGlobalSection
EndGlobal
